# This file is autogenerated, do not edit; changes may be undone by the next 'dep ensure'.


[[projects]]
  branch = "master"
  digest = "1:d45ab3c19a5310309cfb502632eb03091a2cf12c3b224732c9b6f1ef10df2340"
  name = "github.com/bluele/gcache"
  packages = ["."]
  pruneopts = ""
  revision = "472614239ac7e5bc6461e237c798a6ebd5aff8c1"

[[projects]]
  digest = "1:8a1a2e0cafdb89add019757353036c7281c0c6f5e78458fb1cd57ae68c6fe8d3"
  name = "github.com/miekg/dns"
  packages = ["."]
  pruneopts = ""
  revision = "56be65265e34e731425e0269a301774938827c60"
  version = "v1.1.3"

[[projects]]
  branch = "master"
  digest = "1:59b49c47c11a48f1054529207f65907c014ecf5f9a7c0d9c0f1616dec7b062ed"
  name = "golang.org/x/crypto"
  packages = [
    "ed25519",
    "ed25519/internal/edwards25519",
  ]
  pruneopts = ""
  revision = "ff983b9c42bc9fbf91556e191cc8efb585c16908"

[[projects]]
  branch = "master"
  digest = "1:552c5a9b4a2cd4d21efdba35fff561e13f0c666bf4c82fcedbb4e031b704aa61"
  name = "golang.org/x/net"
  packages = [
    "bpf",
    "internal/iana",
    "internal/socket",
    "ipv4",
    "ipv6",
  ]
  pruneopts = ""
  revision = "ed066c81e75eba56dd9bd2139ade88125b855585"

[[projects]]
  branch = "master"
  digest = "1:851d398c9d0b45a3d8496ad6f50d690dd1df7918a309acd23956d73f1ac9adb4"
  name = "golang.org/x/sys"
  packages = ["unix"]
  pruneopts = ""
  revision = "770c60269bf0ef965e9e7ac8bedcb6bca2a1cefd"

[solve-meta]
  analyzer-name = "dep"
  analyzer-version = 1
  input-imports = [
    "github.com/bluele/gcache",
    "github.com/miekg/dns",
  ]
  solver-name = "gps-cdcl"
  solver-version = 1
